
Microsoft Visual Studio Solution File, Format Version 12.00
# Visual Studio Version 16
VisualStudioVersion = 16.0.31321.278
MinimumVisualStudioVersion = 10.0.40219.1
Project("{F184B08F-C81C-45F6-A57F-5ABD9991F28F}") = "DapperExample", "DapperExample\DapperExample.vbproj", "{7E5BE709-051E-4A39-B87C-DE94665FEBF7}"
EndProject
Global
	GlobalSection(SolutionConfigurationPlatforms) = preSolution
		Debug|Any CPU = Debug|Any CPU
		Release|Any CPU = Release|Any CPU
	EndGlobalSection
	GlobalSection(ProjectConfigurationPlatforms) = postSolution
		{7E5BE709-051E-4A39-B87C-DE94665FEBF7}.Debug|Any CPU.ActiveCfg = Debug|Any CPU
		{7E5BE709-051E-4A39-B87C-DE94665FEBF7}.Debug|Any CPU.Build.0 = Debug|Any CPU
		{7E5BE709-051E-4A39-B87C-DE94665FEBF7}.Release|Any CPU.ActiveCfg = Release|Any CPU
		{7E5BE709-051E-4A39-B87C-DE94665FEBF7}.Release|Any CPU.Build.0 = Release|Any CPU
	EndGlobalSection
	GlobalSection(SolutionProperties) = preSolution
		HideSolutionNode = FALSE
	EndGlobalSection
	GlobalSection(ExtensibilityGlobals) = postSolution
		SolutionGuid = {956B38FC-25EA-43D2-98DA-F12F8E79A786}
	EndGlobalSection
EndGlobal
